{
  "originHash" : "67c1ce268c41e1bece70c70cd87d05ca3d0a4edc056be8b873ff965c98ae00a9",
  "pins" : [
    {
      "identity" : "semanticversion",
      "kind" : "remoteSourceControl",
      "location" : "https://github.com/SwiftPackageIndex/SemanticVersion",
      "state" : {
        "revision" : "ea8eea9d89842a29af1b8e6c7677f1c86e72fa42",
        "version" : "0.4.0"
      }
    }
  ],
  "version" : 3
}
